
Microsoft Visual Studio Solution File, Format Version 12.00
# Visual Studio Version 17
VisualStudioVersion = 17.1.32421.90
MinimumVisualStudioVersion = 10.0.40219.1
Project("{9A19103F-16F7-4668-BE54-9A1E7A4F7556}") = "ShopaholikWPF", "ShopaholikWPF\ShopaholikWPF.csproj", "{968C713E-C747-4752-9F01-00DA6856224C}"
EndProject
Project("{FAE04EC0-301F-11D3-BF4B-00C04F79EFBC}") = "ShopaholikServer", "ShopaholikServer\ShopaholikServer.csproj", "{74B44954-8E99-4A12-BBD8-7AFADDEB2D65}"
EndProject
Global
	GlobalSection(SolutionConfigurationPlatforms) = preSolution
		Debug|Any CPU = Debug|Any CPU
		Release|Any CPU = Release|Any CPU
	EndGlobalSection
	GlobalSection(ProjectConfigurationPlatforms) = postSolution
		{968C713E-C747-4752-9F01-00DA6856224C}.Debug|Any CPU.ActiveCfg = Debug|Any CPU
		{968C713E-C747-4752-9F01-00DA6856224C}.Debug|Any CPU.Build.0 = Debug|Any CPU
		{968C713E-C747-4752-9F01-00DA6856224C}.Release|Any CPU.ActiveCfg = Release|Any CPU
		{968C713E-C747-4752-9F01-00DA6856224C}.Release|Any CPU.Build.0 = Release|Any CPU
		{74B44954-8E99-4A12-BBD8-7AFADDEB2D65}.Debug|Any CPU.ActiveCfg = Debug|Any CPU
		{74B44954-8E99-4A12-BBD8-7AFADDEB2D65}.Debug|Any CPU.Build.0 = Debug|Any CPU
		{74B44954-8E99-4A12-BBD8-7AFADDEB2D65}.Release|Any CPU.ActiveCfg = Release|Any CPU
		{74B44954-8E99-4A12-BBD8-7AFADDEB2D65}.Release|Any CPU.Build.0 = Release|Any CPU
	EndGlobalSection
	GlobalSection(SolutionProperties) = preSolution
		HideSolutionNode = FALSE
	EndGlobalSection
	GlobalSection(ExtensibilityGlobals) = postSolution
		SolutionGuid = {6190C428-34E0-4A2B-9264-35C5F3CC2735}
	EndGlobalSection
EndGlobal
